
Microsoft Visual Studio Solution File, Format Version 12.00
# Visual Studio 15
VisualStudioVersion = 15.0.26430.6
MinimumVisualStudioVersion = 10.0.40219.1
Project("{FAE04EC0-301F-11D3-BF4B-00C04F79EFBC}") = "DesktopChange", "DesktopChange\DesktopChange.csproj", "{FCBFE4AC-B574-4C05-B714-6F56820F4540}"
EndProject
Global
	GlobalSection(SolutionConfigurationPlatforms) = preSolution
		Debug|Any CPU = Debug|Any CPU
		Release|Any CPU = Release|Any CPU
	EndGlobalSection
	GlobalSection(ProjectConfigurationPlatforms) = postSolution
		{FCBFE4AC-B574-4C05-B714-6F56820F4540}.Debug|Any CPU.ActiveCfg = Debug|Any CPU
		{FCBFE4AC-B574-4C05-B714-6F56820F4540}.Debug|Any CPU.Build.0 = Debug|Any CPU
		{FCBFE4AC-B574-4C05-B714-6F56820F4540}.Release|Any CPU.ActiveCfg = Release|Any CPU
		{FCBFE4AC-B574-4C05-B714-6F56820F4540}.Release|Any CPU.Build.0 = Release|Any CPU
	EndGlobalSection
	GlobalSection(SolutionProperties) = preSolution
		HideSolutionNode = FALSE
	EndGlobalSection
EndGlobal
